{
  "name": "sky-box",
  "requires": true,
  "lockfileVersion": 1,
  "dependencies": {
    "@types/formidable": {
      "version": "1.2.3",
      "resolved": "https://registry.nlark.com/@types/formidable/download/@types/formidable-1.2.3.tgz?cache=0&sync_timestamp=1625606151964&other_urls=https%3A%2F%2Fregistry.nlark.com%2F%40types%2Fformidable%2Fdownload%2F%40types%2Fformidable-1.2.3.tgz",
      "integrity": "sha1-me5f1Or7qpVEjItnDl6OOJ8q84A=",
      "dev": true,
      "requires": {
        "@types/node": "*"
      }
    },
    "@types/node": {
      "version": "16.6.1",
      "resolved": "https://registry.nlark.com/@types/node/download/@types/node-16.6.1.tgz",
      "integrity": "sha1-ruYse5ZvVfxmx7bfodWNsqYW2mE=",
      "dev": true
    },
    "accepts": {
      "version": "1.3.7",
      "resolved": "https://registry.npm.taobao.org/accepts/download/accepts-1.3.7.tgz",
      "integrity": "sha1-UxvHJlF6OytB+FACHGzBXqq1B80=",
      "dev": true,
      "requires": {
        "mime-types": "~2.1.24",
        "negotiator": "0.6.2"
      }
    },
    "any-promise": {
      "version": "1.3.0",
      "resolved": "http://registry.npm.taobao.org/any-promise/download/any-promise-1.3.0.tgz",
      "integrity": "sha1-q8av7tzqUugJzcA3au0845Y10X8=",
      "dev": true
    },
    "bytes": {
      "version": "3.1.0",
      "resolved": "https://registry.npm.taobao.org/bytes/download/bytes-3.1.0.tgz",
      "integrity": "sha1-9s95M6Ng4FiPqf3oVlHNx/gF0fY=",
      "dev": true
    },
    "cache-content-type": {
      "version": "1.0.1",
      "resolved": "http://registry.npm.taobao.org/cache-content-type/download/cache-content-type-1.0.1.tgz",
      "integrity": "sha1-A1zeKwjuISn0qDFeqPAKANuhRTw=",
      "dev": true,
      "requires": {
        "mime-types": "^2.1.18",
        "ylru": "^1.2.0"
      }
    },
    "call-bind": {
      "version": "1.0.2",
      "resolved": "https://registry.nlark.com/call-bind/download/call-bind-1.0.2.tgz",
      "integrity": "sha1-sdTonmiBGcPJqQOtMKuy9qkZvjw=",
      "dev": true,
      "requires": {
        "function-bind": "^1.1.1",
        "get-intrinsic": "^1.0.2"
      }
    },
    "circular-json": {
      "version": "0.5.9",
      "resolved": "http://registry.npm.taobao.org/circular-json/download/circular-json-0.5.9.tgz",
      "integrity": "sha1-kydjroj0996teg0JyKUaR0OlOx0=",
      "dev": true
    },
    "co": {
      "version": "4.6.0",
      "resolved": "http://registry.npm.taobao.org/co/download/co-4.6.0.tgz",
      "integrity": "sha1-bqa989hTrlTMuOR7+gvz+QMfsYQ=",
      "dev": true
    },
    "co-body": {
      "version": "5.2.0",
      "resolved": "https://registry.nlark.com/co-body/download/co-body-5.2.0.tgz",
      "integrity": "sha1-WgpljEYCkTHg46MG9nZHMC9xwSQ=",
      "dev": true,
      "requires": {
        "inflation": "^2.0.0",
        "qs": "^6.4.0",
        "raw-body": "^2.2.0",
        "type-is": "^1.6.14"
      }
    },
    "commander": {
      "version": "2.20.3",
      "resolved": "https://registry.nlark.com/commander/download/commander-2.20.3.tgz?cache=0&sync_timestamp=1627359190297&other_urls=https%3A%2F%2Fregistry.nlark.com%2Fcommander%2Fdownload%2Fcommander-2.20.3.tgz",
      "integrity": "sha1-/UhehMA+tIgcIHIrpIA16FMa6zM=",
      "dev": true
    },
    "compressible": {
      "version": "2.0.18",
      "resolved": "https://registry.npm.taobao.org/compressible/download/compressible-2.0.18.tgz",
      "integrity": "sha1-r1PMprBw1MPAdQ+9dyhqbXzEb7o=",
      "dev": true,
      "requires": {
        "mime-db": ">= 1.43.0 < 2"
      }
    },
    "content-disposition": {
      "version": "0.5.3",
      "resolved": "http://registry.npm.taobao.org/content-disposition/download/content-disposition-0.5.3.tgz",
      "integrity": "sha1-4TDK9+cnkIfFYWwgB9BIVpiYT70=",
      "dev": true,
      "requires": {
        "safe-buffer": "5.1.2"
      }
    },
    "content-type": {
      "version": "1.0.4",
      "resolved": "http://registry.npm.taobao.org/content-type/download/content-type-1.0.4.tgz",
      "integrity": "sha1-4TjMdeBAxyexlm/l5fjJruJW/js=",
      "dev": true
    },
    "cookies": {
      "version": "0.8.0",
      "resolved": "https://registry.npm.taobao.org/cookies/download/cookies-0.8.0.tgz",
      "integrity": "sha1-EpPOSzkXQKhAbjyYcOgoxLVPP5A=",
      "dev": true,
      "requires": {
        "depd": "~2.0.0",
        "keygrip": "~1.1.0"
      }
    },
    "core-util-is": {
      "version": "1.0.2",
      "resolved": "http://registry.npm.taobao.org/core-util-is/download/core-util-is-1.0.2.tgz",
      "integrity": "sha1-tf1UIgqivFq1eqtxQMlAdUUDwac=",
      "dev": true
    },
    "cross-spawn": {
      "version": "6.0.5",
      "resolved": "https://registry.nlark.com/cross-spawn/download/cross-spawn-6.0.5.tgz",
      "integrity": "sha1-Sl7Hxk364iw6FBJNus3uhG2Ay8Q=",
      "dev": true,
      "requires": {
        "nice-try": "^1.0.4",
        "path-key": "^2.0.1",
        "semver": "^5.5.0",
        "shebang-command": "^1.2.0",
        "which": "^1.2.9"
      }
    },
    "date-format": {
      "version": "1.2.0",
      "resolved": "https://registry.npm.taobao.org/date-format/download/date-format-1.2.0.tgz",
      "integrity": "sha1-YV6CjiM90aubua4JUODOzPpuytg=",
      "dev": true
    },
    "debug": {
      "version": "3.1.0",
      "resolved": "https://registry.nlark.com/debug/download/debug-3.1.0.tgz?cache=0&sync_timestamp=1625374675284&other_urls=https%3A%2F%2Fregistry.nlark.com%2Fdebug%2Fdownload%2Fdebug-3.1.0.tgz",
      "integrity": "sha1-W7WgZyYotkFJVmuhaBnmFRjGcmE=",
      "dev": true,
      "requires": {
        "ms": "2.0.0"
      }
    },
    "deep-equal": {
      "version": "1.0.1",
      "resolved": "https://registry.npm.taobao.org/deep-equal/download/deep-equal-1.0.1.tgz",
      "integrity": "sha1-9dJgKStmDghO/0zbyfCK0yR0SLU=",
      "dev": true
    },
    "default-gateway": {
      "version": "2.7.2",
      "resolved": "https://registry.npm.taobao.org/default-gateway/download/default-gateway-2.7.2.tgz?cache=0&sync_timestamp=1610365857779&other_urls=https%3A%2F%2Fregistry.npm.taobao.org%2Fdefault-gateway%2Fdownload%2Fdefault-gateway-2.7.2.tgz",
      "integrity": "sha1-t+8znl4CSwRUZ69APVA0jbRkLQ8=",
      "dev": true,
      "requires": {
        "execa": "^0.10.0",
        "ip-regex": "^2.1.0"
      }
    },
    "delegates": {
      "version": "1.0.0",
      "resolved": "http://registry.npm.taobao.org/delegates/download/delegates-1.0.0.tgz",
      "integrity": "sha1-hMbhWbgZBP3KWaDvRM2HDTElD5o=",
      "dev": true
    },
    "depd": {
      "version": "2.0.0",
      "resolved": "http://registry.npm.taobao.org/depd/download/depd-2.0.0.tgz",
      "integrity": "sha1-tpYWPMdXVg0JzyLMj60Vcbeedt8=",
      "dev": true
    },
    "destroy": {
      "version": "1.0.4",
      "resolved": "http://registry.npm.taobao.org/destroy/download/destroy-1.0.4.tgz",
      "integrity": "sha1-l4hXRCxEdJ5CBmE+N5RiBYJqvYA=",
      "dev": true
    },
    "duiba-sprite": {
      "version": "1.1.1",
      "resolved": "https://registry.nlark.com/duiba-sprite/download/duiba-sprite-1.1.1.tgz",
      "integrity": "sha1-BkYyZhO7QwnCHB0cFTvozVg3jDI=",
      "dev": true,
      "requires": {
        "commander": "^2.17.0",
        "images": "^3.0.2"
      }
    },
    "ee-first": {
      "version": "1.1.1",
      "resolved": "http://registry.npm.taobao.org/ee-first/download/ee-first-1.1.1.tgz",
      "integrity": "sha1-WQxhFWsK4vTwJVcyoViyZrxWsh0=",
      "dev": true
    },
    "encodeurl": {
      "version": "1.0.2",
      "resolved": "http://registry.npm.taobao.org/encodeurl/download/encodeurl-1.0.2.tgz",
      "integrity": "sha1-rT/0yG7C0CkyL1oCw6mmBslbP1k=",
      "dev": true
    },
    "escape-html": {
      "version": "1.0.3",
      "resolved": "http://registry.npm.taobao.org/escape-html/download/escape-html-1.0.3.tgz",
      "integrity": "sha1-Aljq5NPQwJdN4cFpGI7wBR0dGYg=",
      "dev": true
    },
    "etag": {
      "version": "1.8.1",
      "resolved": "http://registry.npm.taobao.org/etag/download/etag-1.8.1.tgz",
      "integrity": "sha1-Qa4u62XvpiJorr/qg6x9eSmbCIc=",
      "dev": true
    },
    "execa": {
      "version": "0.10.0",
      "resolved": "https://registry.nlark.com/execa/download/execa-0.10.0.tgz",
      "integrity": "sha1-/0Vqj1P5D47MxxqW0Rvfx/CCy1A=",
      "dev": true,
      "requires": {
        "cross-spawn": "^6.0.0",
        "get-stream": "^3.0.0",
        "is-stream": "^1.1.0",
        "npm-run-path": "^2.0.0",
        "p-finally": "^1.0.0",
        "signal-exit": "^3.0.0",
        "strip-eof": "^1.0.0"
      }
    },
    "express-to-koa": {
      "version": "1.2.0",
      "resolved": "https://registry.nlark.com/express-to-koa/download/express-to-koa-1.2.0.tgz",
      "integrity": "sha1-JWtjhUcx4vu7PHxdN5Ar1aKKPfw=",
      "dev": true
    },
    "formidable": {
      "version": "1.2.2",
      "resolved": "https://registry.npm.taobao.org/formidable/download/formidable-1.2.2.tgz",
      "integrity": "sha1-v2muopcpgmdfAIZTQrmCmG9rjdk=",
      "dev": true
    },
    "fresh": {
      "version": "0.5.2",
      "resolved": "http://registry.npm.taobao.org/fresh/download/fresh-0.5.2.tgz",
      "integrity": "sha1-PYyt2Q2XZWn6g1qx+OSyOhBWBac=",
      "dev": true
    },
    "function-bind": {
      "version": "1.1.1",
      "resolved": "http://registry.npm.taobao.org/function-bind/download/function-bind-1.1.1.tgz",
      "integrity": "sha1-pWiZ0+o8m6uHS7l3O3xe3pL0iV0=",
      "dev": true
    },
    "get-intrinsic": {
      "version": "1.1.1",
      "resolved": "https://registry.npm.taobao.org/get-intrinsic/download/get-intrinsic-1.1.1.tgz?cache=0&sync_timestamp=1612364352840&other_urls=https%3A%2F%2Fregistry.npm.taobao.org%2Fget-intrinsic%2Fdownload%2Fget-intrinsic-1.1.1.tgz",
      "integrity": "sha1-FfWfN2+FXERpY5SPDSTNNje0q8Y=",
      "dev": true,
      "requires": {
        "function-bind": "^1.1.1",
        "has": "^1.0.3",
        "has-symbols": "^1.0.1"
      }
    },
    "get-stream": {
      "version": "3.0.0",
      "resolved": "https://registry.nlark.com/get-stream/download/get-stream-3.0.0.tgz",
      "integrity": "sha1-jpQ9E1jcN1VQVOy+LtsFqhdO3hQ=",
      "dev": true
    },
    "has": {
      "version": "1.0.3",
      "resolved": "http://registry.npm.taobao.org/has/download/has-1.0.3.tgz",
      "integrity": "sha1-ci18v8H2qoJB8W3YFOAR4fQeh5Y=",
      "dev": true,
      "requires": {
        "function-bind": "^1.1.1"
      }
    },
    "has-symbols": {
      "version": "1.0.2",
      "resolved": "https://registry.npm.taobao.org/has-symbols/download/has-symbols-1.0.2.tgz",
      "integrity": "sha1-Fl0wcMADCXUqEjakeTMeOsVvFCM=",
      "dev": true
    },
    "has-tostringtag": {
      "version": "1.0.0",
      "resolved": "https://registry.nlark.com/has-tostringtag/download/has-tostringtag-1.0.0.tgz?cache=0&sync_timestamp=1628196402801&other_urls=https%3A%2F%2Fregistry.nlark.com%2Fhas-tostringtag%2Fdownload%2Fhas-tostringtag-1.0.0.tgz",
      "integrity": "sha1-fhM4GKfTlHNPlB5zw9P5KR5liyU=",
      "dev": true,
      "requires": {
        "has-symbols": "^1.0.2"
      }
    },
    "http-assert": {
      "version": "1.4.1",
      "resolved": "https://registry.npm.taobao.org/http-assert/download/http-assert-1.4.1.tgz",
      "integrity": "sha1-xfcl1neqfoc+9zYZm4lobM6zeHg=",
      "dev": true,
      "requires": {
        "deep-equal": "~1.0.1",
        "http-errors": "~1.7.2"
      },
      "dependencies": {
        "depd": {
          "version": "1.1.2",
          "resolved": "http://registry.npm.taobao.org/depd/download/depd-1.1.2.tgz",
          "integrity": "sha1-m81S4UwJd2PnSbJ0xDRu0uVgtak=",
          "dev": true
        },
        "http-errors": {
          "version": "1.7.3",
          "resolved": "https://registry.nlark.com/http-errors/download/http-errors-1.7.3.tgz",
          "integrity": "sha1-bGGeT5xgMIw4UZSYwU+7EKrOuwY=",
          "dev": true,
          "requires": {
            "depd": "~1.1.2",
            "inherits": "2.0.4",
            "setprototypeof": "1.1.1",
            "statuses": ">= 1.5.0 < 2",
            "toidentifier": "1.0.0"
          }
        }
      }
    },
    "http-errors": {
      "version": "1.8.0",
      "resolved": "https://registry.nlark.com/http-errors/download/http-errors-1.8.0.tgz",
      "integrity": "sha1-ddG75JfhBE9R5O6ecEpi8o0zZQc=",
      "dev": true,
      "requires": {
        "depd": "~1.1.2",
        "inherits": "2.0.4",
        "setprototypeof": "1.2.0",
        "statuses": ">= 1.5.0 < 2",
        "toidentifier": "1.0.0"
      },
      "dependencies": {
        "depd": {
          "version": "1.1.2",
          "resolved": "http://registry.npm.taobao.org/depd/download/depd-1.1.2.tgz",
          "integrity": "sha1-m81S4UwJd2PnSbJ0xDRu0uVgtak=",
          "dev": true
        },
        "setprototypeof": {
          "version": "1.2.0",
          "resolved": "https://registry.npm.taobao.org/setprototypeof/download/setprototypeof-1.2.0.tgz?cache=0&sync_timestamp=1563425414995&other_urls=https%3A%2F%2Fregistry.npm.taobao.org%2Fsetprototypeof%2Fdownload%2Fsetprototypeof-1.2.0.tgz",
          "integrity": "sha1-ZsmiSnP5/CjL5msJ/tPTPcrxtCQ=",
          "dev": true
        }
      }
    },
    "iconv-lite": {
      "version": "0.4.24",
      "resolved": "https://registry.nlark.com/iconv-lite/download/iconv-lite-0.4.24.tgz",
      "integrity": "sha1-ICK0sl+93CHS9SSXSkdKr+czkIs=",
      "dev": true,
      "requires": {
        "safer-buffer": ">= 2.1.2 < 3"
      }
    },
    "images": {
      "version": "3.2.3",
      "resolved": "https://registry.npm.taobao.org/images/download/images-3.2.3.tgz",
      "integrity": "sha1-joZCHfFj2bOmDuTR3HzYIF8tK9c=",
      "dev": true
    },
    "inflation": {
      "version": "2.0.0",
      "resolved": "http://registry.npm.taobao.org/inflation/download/inflation-2.0.0.tgz",
      "integrity": "sha1-i0F+R8KPklpFEz2RTKH9OJEH8w8=",
      "dev": true
    },
    "inherits": {
      "version": "2.0.4",
      "resolved": "https://registry.npm.taobao.org/inherits/download/inherits-2.0.4.tgz?cache=0&sync_timestamp=1560975547815&other_urls=https%3A%2F%2Fregistry.npm.taobao.org%2Finherits%2Fdownload%2Finherits-2.0.4.tgz",
      "integrity": "sha1-D6LGT5MpF8NDOg3tVTY6rjdBa3w=",
      "dev": true
    },
    "internal-ip": {
      "version": "3.0.1",
      "resolved": "https://registry.nlark.com/internal-ip/download/internal-ip-3.0.1.tgz",
      "integrity": "sha1-31yZh24dLrLqLXT1IOP2aaAOzic=",
      "dev": true,
      "requires": {
        "default-gateway": "^2.6.0",
        "ipaddr.js": "^1.5.2"
      }
    },
    "ip-regex": {
      "version": "2.1.0",
      "resolved": "https://registry.nlark.com/ip-regex/download/ip-regex-2.1.0.tgz",
      "integrity": "sha1-+ni/XS5pE8kRzp+BnuUUa7bYROk=",
      "dev": true
    },
    "ipaddr.js": {
      "version": "1.9.1",
      "resolved": "https://registry.nlark.com/ipaddr.js/download/ipaddr.js-1.9.1.tgz",
      "integrity": "sha1-v/OFQ+64mEglB5/zoqjmy9RngbM=",
      "dev": true
    },
    "is-generator-function": {
      "version": "1.0.10",
      "resolved": "https://registry.nlark.com/is-generator-function/download/is-generator-function-1.0.10.tgz?cache=0&other_urls=https%3A%2F%2Fregistry.nlark.com%2Fis-generator-function%2Fdownload%2Fis-generator-function-1.0.10.tgz",
      "integrity": "sha1-8VWLrxrBfg3up8BBXEODUf8rPHI=",
      "dev": true,
      "requires": {
        "has-tostringtag": "^1.0.0"
      }
    },
    "is-stream": {
      "version": "1.1.0",
      "resolved": "https://registry.nlark.com/is-stream/download/is-stream-1.1.0.tgz",
      "integrity": "sha1-EtSj3U5o4Lec6428hBc66A2RykQ=",
      "dev": true
    },
    "isarray": {
      "version": "1.0.0",
      "resolved": "https://registry.npm.taobao.org/isarray/download/isarray-1.0.0.tgz?cache=0&sync_timestamp=1562592125418&other_urls=https%3A%2F%2Fregistry.npm.taobao.org%2Fisarray%2Fdownload%2Fisarray-1.0.0.tgz",
      "integrity": "sha1-u5NdSFgsuhaMBoNJV6VKPgcSTxE=",
      "dev": true
    },
    "isexe": {
      "version": "2.0.0",
      "resolved": "http://registry.npm.taobao.org/isexe/download/isexe-2.0.0.tgz",
      "integrity": "sha1-6PvzdNxVb/iUehDcsFctYz8s+hA=",
      "dev": true
    },
    "keygrip": {
      "version": "1.1.0",
      "resolved": "https://registry.npm.taobao.org/keygrip/download/keygrip-1.1.0.tgz",
      "integrity": "sha1-hxsWgdXhWcYqRFsMdLYV4JF+ciY=",
      "dev": true,
      "requires": {
        "tsscmp": "1.0.6"
      }
    },
    "koa": {
      "version": "2.13.1",
      "resolved": "https://registry.npm.taobao.org/koa/download/koa-2.13.1.tgz?cache=0&sync_timestamp=1609771379723&other_urls=https%3A%2F%2Fregistry.npm.taobao.org%2Fkoa%2Fdownload%2Fkoa-2.13.1.tgz",
      "integrity": "sha1-YnUXKHWye8/h1FQ1altrn1qbEFE=",
      "dev": true,
      "requires": {
        "accepts": "^1.3.5",
        "cache-content-type": "^1.0.0",
        "content-disposition": "~0.5.2",
        "content-type": "^1.0.4",
        "cookies": "~0.8.0",
        "debug": "~3.1.0",
        "delegates": "^1.0.0",
        "depd": "^2.0.0",
        "destroy": "^1.0.4",
        "encodeurl": "^1.0.2",
        "escape-html": "^1.0.3",
        "fresh": "~0.5.2",
        "http-assert": "^1.3.0",
        "http-errors": "^1.6.3",
        "is-generator-function": "^1.0.7",
        "koa-compose": "^4.1.0",
        "koa-convert": "^1.2.0",
        "on-finished": "^2.3.0",
        "only": "~0.0.2",
        "parseurl": "^1.3.2",
        "statuses": "^1.5.0",
        "type-is": "^1.6.16",
        "vary": "^1.1.2"
      }
    },
    "koa-body": {
      "version": "4.2.0",
      "resolved": "https://registry.npm.taobao.org/koa-body/download/koa-body-4.2.0.tgz",
      "integrity": "sha1-NyKSCLggdhrKWCLRTF/FXO4xsm8=",
      "dev": true,
      "requires": {
        "@types/formidable": "^1.0.31",
        "co-body": "^5.1.1",
        "formidable": "^1.1.1"
      }
    },
    "koa-compose": {
      "version": "4.1.0",
      "resolved": "https://registry.nlark.com/koa-compose/download/koa-compose-4.1.0.tgz",
      "integrity": "sha1-UHMGuTcZAdtBEhyBLpI9DWfT6Hc=",
      "dev": true
    },
    "koa-compress": {
      "version": "3.1.0",
      "resolved": "https://registry.npm.taobao.org/koa-compress/download/koa-compress-3.1.0.tgz",
      "integrity": "sha1-APsK9pXcRmHG3iYaGNpmlibqPKE=",
      "dev": true,
      "requires": {
        "bytes": "^3.0.0",
        "compressible": "^2.0.0",
        "koa-is-json": "^1.0.0",
        "statuses": "^1.0.0"
      }
    },
    "koa-conditional-get": {
      "version": "2.0.0",
      "resolved": "https://registry.npm.taobao.org/koa-conditional-get/download/koa-conditional-get-2.0.0.tgz",
      "integrity": "sha1-pD83I8HQFLcwo07Oit8wuTyCM/I=",
      "dev": true
    },
    "koa-connect": {
      "version": "2.1.0",
      "resolved": "https://registry.npm.taobao.org/koa-connect/download/koa-connect-2.1.0.tgz",
      "integrity": "sha1-FrzgqRfEyyQjOqrIP7xbg4BLShw=",
      "dev": true
    },
    "koa-convert": {
      "version": "1.2.0",
      "resolved": "https://registry.npm.taobao.org/koa-convert/download/koa-convert-1.2.0.tgz",
      "integrity": "sha1-2kCHXfSd4FOQmNFwC1CCDOvNIdA=",
      "dev": true,
      "requires": {
        "co": "^4.6.0",
        "koa-compose": "^3.0.0"
      },
      "dependencies": {
        "koa-compose": {
          "version": "3.2.1",
          "resolved": "https://registry.nlark.com/koa-compose/download/koa-compose-3.2.1.tgz",
          "integrity": "sha1-qFzLQLfZhtjlo0Wzoazo6rz1Tec=",
          "dev": true,
          "requires": {
            "any-promise": "^1.1.0"
          }
        }
      }
    },
    "koa-etag": {
      "version": "3.0.0",
      "resolved": "https://registry.npm.taobao.org/koa-etag/download/koa-etag-3.0.0.tgz",
      "integrity": "sha1-nvc4Ld1agqsN6xU0FckVg293HT8=",
      "dev": true,
      "requires": {
        "etag": "^1.3.0",
        "mz": "^2.1.0"
      }
    },
    "koa-is-json": {
      "version": "1.0.0",
      "resolved": "http://registry.npm.taobao.org/koa-is-json/download/koa-is-json-1.0.0.tgz",
      "integrity": "sha1-JzwH7c3Ljfaiwat9We52SRRR7BQ=",
      "dev": true
    },
    "koa-loggers": {
      "version": "0.6.0",
      "resolved": "http://registry.npm.taobao.org/koa-loggers/download/koa-loggers-0.6.0.tgz",
      "integrity": "sha1-qnmvLLsh6HrGEBzFSDHttOW0Ksw=",
      "dev": true,
      "requires": {
        "log4js": "^3.0.5"
      }
    },
    "koa-router": {
      "version": "7.4.0",
      "resolved": "https://registry.npm.taobao.org/koa-router/download/koa-router-7.4.0.tgz?cache=0&sync_timestamp=1604326486207&other_urls=https%3A%2F%2Fregistry.npm.taobao.org%2Fkoa-router%2Fdownload%2Fkoa-router-7.4.0.tgz",
      "integrity": "sha1-ruH3rcAtXLMdfWdGXJ6syCXoxeA=",
      "dev": true,
      "requires": {
        "debug": "^3.1.0",
        "http-errors": "^1.3.1",
        "koa-compose": "^3.0.0",
        "methods": "^1.0.1",
        "path-to-regexp": "^1.1.1",
        "urijs": "^1.19.0"
      },
      "dependencies": {
        "koa-compose": {
          "version": "3.2.1",
          "resolved": "https://registry.nlark.com/koa-compose/download/koa-compose-3.2.1.tgz",
          "integrity": "sha1-qFzLQLfZhtjlo0Wzoazo6rz1Tec=",
          "dev": true,
          "requires": {
            "any-promise": "^1.1.0"
          }
        }
      }
    },
    "koa-send": {
      "version": "5.0.1",
      "resolved": "https://registry.npm.taobao.org/koa-send/download/koa-send-5.0.1.tgz",
      "integrity": "sha1-Odzuv6+zldDWC+r/ujpwtPVD/nk=",
      "dev": true,
      "requires": {
        "debug": "^4.1.1",
        "http-errors": "^1.7.3",
        "resolve-path": "^1.4.0"
      },
      "dependencies": {
        "debug": {
          "version": "4.3.2",
          "resolved": "https://registry.nlark.com/debug/download/debug-4.3.2.tgz?cache=0&sync_timestamp=1625374675284&other_urls=https%3A%2F%2Fregistry.nlark.com%2Fdebug%2Fdownload%2Fdebug-4.3.2.tgz",
          "integrity": "sha1-8KScGKyHeeMdSgxgKd+3aHPHQos=",
          "dev": true,
          "requires": {
            "ms": "2.1.2"
          }
        },
        "ms": {
          "version": "2.1.2",
          "resolved": "https://registry.npm.taobao.org/ms/download/ms-2.1.2.tgz?cache=0&sync_timestamp=1607433872491&other_urls=https%3A%2F%2Fregistry.npm.taobao.org%2Fms%2Fdownload%2Fms-2.1.2.tgz",
          "integrity": "sha1-0J0fNXtEP0kzgqjrPM0YOHKuYAk=",
          "dev": true
        }
      }
    },
    "koa-static": {
      "version": "5.0.0",
      "resolved": "http://registry.npm.taobao.org/koa-static/download/koa-static-5.0.0.tgz",
      "integrity": "sha1-XpL8lrU3rVIZ9CUxnJW2R3J3aUM=",
      "dev": true,
      "requires": {
        "debug": "^3.1.0",
        "koa-send": "^5.0.0"
      }
    },
    "log4js": {
      "version": "3.0.6",
      "resolved": "https://registry.npm.taobao.org/log4js/download/log4js-3.0.6.tgz",
      "integrity": "sha1-5srO2Uln7uuc45n5+GgqSysoyP8=",
      "dev": true,
      "requires": {
        "circular-json": "^0.5.5",
        "date-format": "^1.2.0",
        "debug": "^3.1.0",
        "rfdc": "^1.1.2",
        "streamroller": "0.7.0"
      }
    },
    "media-typer": {
      "version": "0.3.0",
      "resolved": "https://registry.npm.taobao.org/media-typer/download/media-typer-0.3.0.tgz",
      "integrity": "sha1-hxDXrwqmJvj/+hzgAWhUUmMlV0g=",
      "dev": true
    },
    "methods": {
      "version": "1.1.2",
      "resolved": "http://registry.npm.taobao.org/methods/download/methods-1.1.2.tgz",
      "integrity": "sha1-VSmk1nZUE07cxSZmVoNbD4Ua/O4=",
      "dev": true
    },
    "mime-db": {
      "version": "1.49.0",
      "resolved": "https://registry.nlark.com/mime-db/download/mime-db-1.49.0.tgz",
      "integrity": "sha1-89/eYMmenPO8lwHWh3ePU3ABy+0=",
      "dev": true
    },
    "mime-types": {
      "version": "2.1.32",
      "resolved": "https://registry.nlark.com/mime-types/download/mime-types-2.1.32.tgz?cache=0&sync_timestamp=1627407819001&other_urls=https%3A%2F%2Fregistry.nlark.com%2Fmime-types%2Fdownload%2Fmime-types-2.1.32.tgz",
      "integrity": "sha1-HQDonn3n/gIAjbYQAdngKFJnD9U=",
      "dev": true,
      "requires": {
        "mime-db": "1.49.0"
      }
    },
    "minimist": {
      "version": "1.2.5",
      "resolved": "https://registry.nlark.com/minimist/download/minimist-1.2.5.tgz?cache=0&sync_timestamp=1618847003091&other_urls=https%3A%2F%2Fregistry.nlark.com%2Fminimist%2Fdownload%2Fminimist-1.2.5.tgz",
      "integrity": "sha1-Z9ZgFLZqaoqqDAg8X9WN9OTpdgI=",
      "dev": true
    },
    "mkdirp": {
      "version": "0.5.5",
      "resolved": "https://registry.nlark.com/mkdirp/download/mkdirp-0.5.5.tgz",
      "integrity": "sha1-2Rzv1i0UNsoPQWIOJRKI1CAJne8=",
      "dev": true,
      "requires": {
        "minimist": "^1.2.5"
      }
    },
    "ms": {
      "version": "2.0.0",
      "resolved": "https://registry.npm.taobao.org/ms/download/ms-2.0.0.tgz?cache=0&sync_timestamp=1607433872491&other_urls=https%3A%2F%2Fregistry.npm.taobao.org%2Fms%2Fdownload%2Fms-2.0.0.tgz",
      "integrity": "sha1-VgiurfwAvmwpAd9fmGF4jeDVl8g=",
      "dev": true
    },
    "mz": {
      "version": "2.7.0",
      "resolved": "http://registry.npm.taobao.org/mz/download/mz-2.7.0.tgz",
      "integrity": "sha1-lQCAV6Vsr63CvGPd5/n/aVWUjjI=",
      "dev": true,
      "requires": {
        "any-promise": "^1.0.0",
        "object-assign": "^4.0.1",
        "thenify-all": "^1.0.0"
      }
    },
    "negotiator": {
      "version": "0.6.2",
      "resolved": "https://registry.npm.taobao.org/negotiator/download/negotiator-0.6.2.tgz",
      "integrity": "sha1-/qz3zPUlp3rpY0Q2pkiD/+yjRvs=",
      "dev": true
    },
    "nice-try": {
      "version": "1.0.5",
      "resolved": "https://registry.nlark.com/nice-try/download/nice-try-1.0.5.tgz",
      "integrity": "sha1-ozeKdpbOfSI+iPybdkvX7xCJ42Y=",
      "dev": true
    },
    "npm-run-path": {
      "version": "2.0.2",
      "resolved": "https://registry.nlark.com/npm-run-path/download/npm-run-path-2.0.2.tgz",
      "integrity": "sha1-NakjLfo11wZ7TLLd8jV7GHFTbF8=",
      "dev": true,
      "requires": {
        "path-key": "^2.0.0"
      }
    },
    "object-assign": {
      "version": "4.1.1",
      "resolved": "http://registry.npm.taobao.org/object-assign/download/object-assign-4.1.1.tgz",
      "integrity": "sha1-IQmtx5ZYh8/AXLvUQsrIv7s2CGM=",
      "dev": true
    },
    "object-inspect": {
      "version": "1.11.0",
      "resolved": "https://registry.nlark.com/object-inspect/download/object-inspect-1.11.0.tgz?cache=0&sync_timestamp=1626120241132&other_urls=https%3A%2F%2Fregistry.nlark.com%2Fobject-inspect%2Fdownload%2Fobject-inspect-1.11.0.tgz",
      "integrity": "sha1-nc6xRs7dQUig2eUauI00z1CZIrE=",
      "dev": true
    },
    "on-finished": {
      "version": "2.3.0",
      "resolved": "http://registry.npm.taobao.org/on-finished/download/on-finished-2.3.0.tgz",
      "integrity": "sha1-IPEzZIGwg811M3mSoWlxqi2QaUc=",
      "dev": true,
      "requires": {
        "ee-first": "1.1.1"
      }
    },
    "only": {
      "version": "0.0.2",
      "resolved": "http://registry.npm.taobao.org/only/download/only-0.0.2.tgz",
      "integrity": "sha1-Kv3oTQPlC5qO3EROMGEKcCle37Q=",
      "dev": true
    },
    "p-finally": {
      "version": "1.0.0",
      "resolved": "https://registry.npm.taobao.org/p-finally/download/p-finally-1.0.0.tgz?cache=0&sync_timestamp=1617947695861&other_urls=https%3A%2F%2Fregistry.npm.taobao.org%2Fp-finally%2Fdownload%2Fp-finally-1.0.0.tgz",
      "integrity": "sha1-P7z7FbiZpEEjs0ttzBi3JDNqLK4=",
      "dev": true
    },
    "parseurl": {
      "version": "1.3.3",
      "resolved": "https://registry.npm.taobao.org/parseurl/download/parseurl-1.3.3.tgz",
      "integrity": "sha1-naGee+6NEt/wUT7Vt2lXeTvC6NQ=",
      "dev": true
    },
    "path-is-absolute": {
      "version": "1.0.1",
      "resolved": "http://registry.npm.taobao.org/path-is-absolute/download/path-is-absolute-1.0.1.tgz",
      "integrity": "sha1-F0uSaHNVNP+8es5r9TpanhtcX18=",
      "dev": true
    },
    "path-key": {
      "version": "2.0.1",
      "resolved": "https://registry.nlark.com/path-key/download/path-key-2.0.1.tgz",
      "integrity": "sha1-QRyttXTFoUDTpLGRDUDYDMn0C0A=",
      "dev": true
    },
    "path-to-regexp": {
      "version": "1.8.0",
      "resolved": "https://registry.npm.taobao.org/path-to-regexp/download/path-to-regexp-1.8.0.tgz?cache=0&other_urls=https%3A%2F%2Fregistry.npm.taobao.org%2Fpath-to-regexp%2Fdownload%2Fpath-to-regexp-1.8.0.tgz",
      "integrity": "sha1-iHs7qdhDk+h6CgufTLdWGYtTVIo=",
      "dev": true,
      "requires": {
        "isarray": "0.0.1"
      },
      "dependencies": {
        "isarray": {
          "version": "0.0.1",
          "resolved": "https://registry.npm.taobao.org/isarray/download/isarray-0.0.1.tgz?cache=0&sync_timestamp=1562592125418&other_urls=https%3A%2F%2Fregistry.npm.taobao.org%2Fisarray%2Fdownload%2Fisarray-0.0.1.tgz",
          "integrity": "sha1-ihis/Kmo9Bd+Cav8YDiTmwXR7t8=",
          "dev": true
        }
      }
    },
    "process-nextick-args": {
      "version": "2.0.1",
      "resolved": "https://registry.npm.taobao.org/process-nextick-args/download/process-nextick-args-2.0.1.tgz",
      "integrity": "sha1-eCDZsWEgzFXKmud5JoCufbptf+I=",
      "dev": true
    },
    "qs": {
      "version": "6.10.1",
      "resolved": "https://registry.nlark.com/qs/download/qs-6.10.1.tgz",
      "integrity": "sha1-STFIL6jWR6Wqt5nFJx0hM7mB+2o=",
      "dev": true,
      "requires": {
        "side-channel": "^1.0.4"
      }
    },
    "raw-body": {
      "version": "2.4.1",
      "resolved": "https://registry.npm.taobao.org/raw-body/download/raw-body-2.4.1.tgz",
      "integrity": "sha1-MKyC+Yu1rowVLmcUnayNVRU7Fow=",
      "dev": true,
      "requires": {
        "bytes": "3.1.0",
        "http-errors": "1.7.3",
        "iconv-lite": "0.4.24",
        "unpipe": "1.0.0"
      },
      "dependencies": {
        "depd": {
          "version": "1.1.2",
          "resolved": "http://registry.npm.taobao.org/depd/download/depd-1.1.2.tgz",
          "integrity": "sha1-m81S4UwJd2PnSbJ0xDRu0uVgtak=",
          "dev": true
        },
        "http-errors": {
          "version": "1.7.3",
          "resolved": "https://registry.nlark.com/http-errors/download/http-errors-1.7.3.tgz",
          "integrity": "sha1-bGGeT5xgMIw4UZSYwU+7EKrOuwY=",
          "dev": true,
          "requires": {
            "depd": "~1.1.2",
            "inherits": "2.0.4",
            "setprototypeof": "1.1.1",
            "statuses": ">= 1.5.0 < 2",
            "toidentifier": "1.0.0"
          }
        }
      }
    },
    "readable-stream": {
      "version": "2.3.7",
      "resolved": "https://registry.npm.taobao.org/readable-stream/download/readable-stream-2.3.7.tgz",
      "integrity": "sha1-Hsoc9xGu+BTAT2IlKjamL2yyO1c=",
      "dev": true,
      "requires": {
        "core-util-is": "~1.0.0",
        "inherits": "~2.0.3",
        "isarray": "~1.0.0",
        "process-nextick-args": "~2.0.0",
        "safe-buffer": "~5.1.1",
        "string_decoder": "~1.1.1",
        "util-deprecate": "~1.0.1"
      }
    },
    "resolve-path": {
      "version": "1.4.0",
      "resolved": "http://registry.npm.taobao.org/resolve-path/download/resolve-path-1.4.0.tgz",
      "integrity": "sha1-xL2p9e+y/OZSR4c6s2u02DT+Fvc=",
      "dev": true,
      "requires": {
        "http-errors": "~1.6.2",
        "path-is-absolute": "1.0.1"
      },
      "dependencies": {
        "depd": {
          "version": "1.1.2",
          "resolved": "http://registry.npm.taobao.org/depd/download/depd-1.1.2.tgz",
          "integrity": "sha1-m81S4UwJd2PnSbJ0xDRu0uVgtak=",
          "dev": true
        },
        "http-errors": {
          "version": "1.6.3",
          "resolved": "https://registry.nlark.com/http-errors/download/http-errors-1.6.3.tgz",
          "integrity": "sha1-i1VoC7S+KDoLW/TqLjhYC+HZMg0=",
          "dev": true,
          "requires": {
            "depd": "~1.1.2",
            "inherits": "2.0.3",
            "setprototypeof": "1.1.0",
            "statuses": ">= 1.4.0 < 2"
          }
        },
        "inherits": {
          "version": "2.0.3",
          "resolved": "https://registry.npm.taobao.org/inherits/download/inherits-2.0.3.tgz?cache=0&sync_timestamp=1560975547815&other_urls=https%3A%2F%2Fregistry.npm.taobao.org%2Finherits%2Fdownload%2Finherits-2.0.3.tgz",
          "integrity": "sha1-Yzwsg+PaQqUC9SRmAiSA9CCCYd4=",
          "dev": true
        },
        "setprototypeof": {
          "version": "1.1.0",
          "resolved": "https://registry.npm.taobao.org/setprototypeof/download/setprototypeof-1.1.0.tgz?cache=0&sync_timestamp=1563425414995&other_urls=https%3A%2F%2Fregistry.npm.taobao.org%2Fsetprototypeof%2Fdownload%2Fsetprototypeof-1.1.0.tgz",
          "integrity": "sha1-0L2FU2iHtv58DYGMuWLZ2RxU5lY=",
          "dev": true
        }
      }
    },
    "rfdc": {
      "version": "1.3.0",
      "resolved": "https://registry.npm.taobao.org/rfdc/download/rfdc-1.3.0.tgz",
      "integrity": "sha1-0LfEQasnINBdxM8m4ByJYx2doIs=",
      "dev": true
    },
    "safe-buffer": {
      "version": "5.1.2",
      "resolved": "https://registry.nlark.com/safe-buffer/download/safe-buffer-5.1.2.tgz",
      "integrity": "sha1-mR7GnSluAxN0fVm9/St0XDX4go0=",
      "dev": true
    },
    "safer-buffer": {
      "version": "2.1.2",
      "resolved": "http://registry.npm.taobao.org/safer-buffer/download/safer-buffer-2.1.2.tgz",
      "integrity": "sha1-RPoWGwGHuVSd2Eu5GAL5vYOFzWo=",
      "dev": true
    },
    "semver": {
      "version": "5.7.1",
      "resolved": "https://registry.npm.taobao.org/semver/download/semver-5.7.1.tgz?cache=0&sync_timestamp=1616463641178&other_urls=https%3A%2F%2Fregistry.npm.taobao.org%2Fsemver%2Fdownload%2Fsemver-5.7.1.tgz",
      "integrity": "sha1-qVT5Ma66UI0we78Gnv8MAclhFvc=",
      "dev": true
    },
    "setprototypeof": {
      "version": "1.1.1",
      "resolved": "https://registry.npm.taobao.org/setprototypeof/download/setprototypeof-1.1.1.tgz?cache=0&sync_timestamp=1563425414995&other_urls=https%3A%2F%2Fregistry.npm.taobao.org%2Fsetprototypeof%2Fdownload%2Fsetprototypeof-1.1.1.tgz",
      "integrity": "sha1-fpWsskqpL1iF4KvvW6ExMw1K5oM=",
      "dev": true
    },
    "shebang-command": {
      "version": "1.2.0",
      "resolved": "https://registry.npm.taobao.org/shebang-command/download/shebang-command-1.2.0.tgz",
      "integrity": "sha1-RKrGW2lbAzmJaMOfNj/uXer98eo=",
      "dev": true,
      "requires": {
        "shebang-regex": "^1.0.0"
      }
    },
    "shebang-regex": {
      "version": "1.0.0",
      "resolved": "https://registry.nlark.com/shebang-regex/download/shebang-regex-1.0.0.tgz?cache=0&sync_timestamp=1628896299850&other_urls=https%3A%2F%2Fregistry.nlark.com%2Fshebang-regex%2Fdownload%2Fshebang-regex-1.0.0.tgz",
      "integrity": "sha1-2kL0l0DAtC2yypcoVxyxkMmO/qM=",
      "dev": true
    },
    "side-channel": {
      "version": "1.0.4",
      "resolved": "https://registry.nlark.com/side-channel/download/side-channel-1.0.4.tgz",
      "integrity": "sha1-785cj9wQTudRslxY1CkAEfpeos8=",
      "dev": true,
      "requires": {
        "call-bind": "^1.0.0",
        "get-intrinsic": "^1.0.2",
        "object-inspect": "^1.9.0"
      }
    },
    "signal-exit": {
      "version": "3.0.3",
      "resolved": "https://registry.nlark.com/signal-exit/download/signal-exit-3.0.3.tgz",
      "integrity": "sha1-oUEMLt2PB3sItOJTyOrPyvBXRhw=",
      "dev": true
    },
    "statuses": {
      "version": "1.5.0",
      "resolved": "https://registry.nlark.com/statuses/download/statuses-1.5.0.tgz",
      "integrity": "sha1-Fhx9rBd2Wf2YEfQ3cfqZOBR4Yow=",
      "dev": true
    },
    "streamroller": {
      "version": "0.7.0",
      "resolved": "https://registry.nlark.com/streamroller/download/streamroller-0.7.0.tgz",
      "integrity": "sha1-odG3z4PTmvsNYwSaWsv5NJO99ks=",
      "dev": true,
      "requires": {
        "date-format": "^1.2.0",
        "debug": "^3.1.0",
        "mkdirp": "^0.5.1",
        "readable-stream": "^2.3.0"
      }
    },
    "string_decoder": {
      "version": "1.1.1",
      "resolved": "https://registry.npm.taobao.org/string_decoder/download/string_decoder-1.1.1.tgz",
      "integrity": "sha1-nPFhG6YmhdcDCunkujQUnDrwP8g=",
      "dev": true,
      "requires": {
        "safe-buffer": "~5.1.0"
      }
    },
    "strip-eof": {
      "version": "1.0.0",
      "resolved": "http://registry.npm.taobao.org/strip-eof/download/strip-eof-1.0.0.tgz",
      "integrity": "sha1-u0P/VZim6wXYm1n80SnJgzE2Br8=",
      "dev": true
    },
    "thenify": {
      "version": "3.3.1",
      "resolved": "https://registry.nlark.com/thenify/download/thenify-3.3.1.tgz",
      "integrity": "sha1-iTLmhqQGYDigFt2eLKRq3Zg4qV8=",
      "dev": true,
      "requires": {
        "any-promise": "^1.0.0"
      }
    },
    "thenify-all": {
      "version": "1.6.0",
      "resolved": "http://registry.npm.taobao.org/thenify-all/download/thenify-all-1.6.0.tgz",
      "integrity": "sha1-GhkY1ALY/D+Y+/I02wvMjMEOlyY=",
      "dev": true,
      "requires": {
        "thenify": ">= 3.1.0 < 4"
      }
    },
    "toidentifier": {
      "version": "1.0.0",
      "resolved": "http://registry.npm.taobao.org/toidentifier/download/toidentifier-1.0.0.tgz",
      "integrity": "sha1-fhvjRw8ed5SLxD2Uo8j013UrpVM=",
      "dev": true
    },
    "tsscmp": {
      "version": "1.0.6",
      "resolved": "https://registry.nlark.com/tsscmp/download/tsscmp-1.0.6.tgz",
      "integrity": "sha1-hbmVg6w1iexL/vgltQAKqRHWBes=",
      "dev": true
    },
    "type-is": {
      "version": "1.6.18",
      "resolved": "https://registry.npm.taobao.org/type-is/download/type-is-1.6.18.tgz",
      "integrity": "sha1-TlUs0F3wlGfcvE73Od6J8s83wTE=",
      "dev": true,
      "requires": {
        "media-typer": "0.3.0",
        "mime-types": "~2.1.24"
      }
    },
    "unpipe": {
      "version": "1.0.0",
      "resolved": "http://registry.npm.taobao.org/unpipe/download/unpipe-1.0.0.tgz",
      "integrity": "sha1-sr9O6FFKrmFltIF4KdIbLvSZBOw=",
      "dev": true
    },
    "urijs": {
      "version": "1.19.7",
      "resolved": "https://registry.nlark.com/urijs/download/urijs-1.19.7.tgz",
      "integrity": "sha1-T1lOWRE5KP6mPADOaI+zlbEWirk=",
      "dev": true
    },
    "util-deprecate": {
      "version": "1.0.2",
      "resolved": "http://registry.npm.taobao.org/util-deprecate/download/util-deprecate-1.0.2.tgz",
      "integrity": "sha1-RQ1Nyfpw3nMnYvvS1KKJgUGaDM8=",
      "dev": true
    },
    "vary": {
      "version": "1.1.2",
      "resolved": "http://registry.npm.taobao.org/vary/download/vary-1.1.2.tgz",
      "integrity": "sha1-IpnwLG3tMNSllhsLn3RSShj2NPw=",
      "dev": true
    },
    "which": {
      "version": "1.3.1",
      "resolved": "https://registry.nlark.com/which/download/which-1.3.1.tgz",
      "integrity": "sha1-pFBD1U9YBTFtqNYvn1CRjT2nCwo=",
      "dev": true,
      "requires": {
        "isexe": "^2.0.0"
      }
    },
    "ylru": {
      "version": "1.2.1",
      "resolved": "http://registry.npm.taobao.org/ylru/download/ylru-1.2.1.tgz",
      "integrity": "sha1-9Xa2M0FUeYnB3nuiiHYJI7J/6E8=",
      "dev": true
    }
  }
}
